
Microsoft Visual Studio Solution File, Format Version 12.00
# Visual Studio Version 16
VisualStudioVersion = 16.0.29201.188
MinimumVisualStudioVersion = 10.0.40219.1
Project("{FAE04EC0-301F-11D3-BF4B-00C04F79EFBC}") = "TestWebAppV3", "TestWebAppV3\TestWebAppV3.csproj", "{679904FB-E324-4793-9B1E-1098997DC0AA}"
EndProject
Global
	GlobalSection(SolutionConfigurationPlatforms) = preSolution
		Debug|Any CPU = Debug|Any CPU
		Release|Any CPU = Release|Any CPU
	EndGlobalSection
	GlobalSection(ProjectConfigurationPlatforms) = postSolution
		{679904FB-E324-4793-9B1E-1098997DC0AA}.Debug|Any CPU.ActiveCfg = Debug|Any CPU
		{679904FB-E324-4793-9B1E-1098997DC0AA}.Debug|Any CPU.Build.0 = Debug|Any CPU
		{679904FB-E324-4793-9B1E-1098997DC0AA}.Release|Any CPU.ActiveCfg = Release|Any CPU
		{679904FB-E324-4793-9B1E-1098997DC0AA}.Release|Any CPU.Build.0 = Release|Any CPU
	EndGlobalSection
	GlobalSection(SolutionProperties) = preSolution
		HideSolutionNode = FALSE
	EndGlobalSection
	GlobalSection(ExtensibilityGlobals) = postSolution
		SolutionGuid = {88F88D7A-F4A2-4501-9D11-0875EED291E7}
	EndGlobalSection
EndGlobal
